
Microsoft Visual Studio Solution File, Format Version 12.00
# Visual Studio 15
VisualStudioVersion = 15.0.26730.12
MinimumVisualStudioVersion = 10.0.40219.1
Project("{9A19103F-16F7-4668-BE54-9A1E7A4F7556}") = "BO", "BO\BO.csproj", "{FED7663A-D6A7-4B57-A454-971C333E8F79}"
EndProject
Project("{9A19103F-16F7-4668-BE54-9A1E7A4F7556}") = "DA-File", "DA-File\DA-File.csproj", "{5472C31B-3DAB-424B-B46C-292F5D871FF6}"
EndProject
Project("{9A19103F-16F7-4668-BE54-9A1E7A4F7556}") = "Ninject.MVC6", "Ninject.MVC6\Ninject.MVC6.csproj", "{81B46F68-A55E-4A24-9646-962A4FE9E2C9}"
EndProject
Project("{9A19103F-16F7-4668-BE54-9A1E7A4F7556}") = "Web", "Web\Web.csproj", "{22573520-E513-4577-A141-1727E93AF829}"
EndProject
Project("{2150E333-8FDC-42A3-9474-1A3956D46DE8}") = "Documentation", "Documentation", "{16ED92C6-792E-43F8-8F2E-EF67B84C92E9}"
EndProject
Project("{FAE04EC0-301F-11D3-BF4B-00C04F79EFBC}") = "DA-EF", "DA-EF\DA-EF.csproj", "{FF94B15B-6852-46E5-AAB2-C7E153361626}"
EndProject
Global
	GlobalSection(SolutionConfigurationPlatforms) = preSolution
		Debug|Any CPU = Debug|Any CPU
		Debug|ARM = Debug|ARM
		Debug|x64 = Debug|x64
		Debug|x86 = Debug|x86
		Release|Any CPU = Release|Any CPU
		Release|ARM = Release|ARM
		Release|x64 = Release|x64
		Release|x86 = Release|x86
	EndGlobalSection
	GlobalSection(ProjectConfigurationPlatforms) = postSolution
		{FED7663A-D6A7-4B57-A454-971C333E8F79}.Debug|Any CPU.ActiveCfg = Debug|Any CPU
		{FED7663A-D6A7-4B57-A454-971C333E8F79}.Debug|Any CPU.Build.0 = Debug|Any CPU
		{FED7663A-D6A7-4B57-A454-971C333E8F79}.Debug|ARM.ActiveCfg = Debug|Any CPU
		{FED7663A-D6A7-4B57-A454-971C333E8F79}.Debug|ARM.Build.0 = Debug|Any CPU
		{FED7663A-D6A7-4B57-A454-971C333E8F79}.Debug|x64.ActiveCfg = Debug|Any CPU
		{FED7663A-D6A7-4B57-A454-971C333E8F79}.Debug|x64.Build.0 = Debug|Any CPU
		{FED7663A-D6A7-4B57-A454-971C333E8F79}.Debug|x86.ActiveCfg = Debug|Any CPU
		{FED7663A-D6A7-4B57-A454-971C333E8F79}.Debug|x86.Build.0 = Debug|Any CPU
		{FED7663A-D6A7-4B57-A454-971C333E8F79}.Release|Any CPU.ActiveCfg = Release|Any CPU
		{FED7663A-D6A7-4B57-A454-971C333E8F79}.Release|Any CPU.Build.0 = Release|Any CPU
		{FED7663A-D6A7-4B57-A454-971C333E8F79}.Release|ARM.ActiveCfg = Release|Any CPU
		{FED7663A-D6A7-4B57-A454-971C333E8F79}.Release|ARM.Build.0 = Release|Any CPU
		{FED7663A-D6A7-4B57-A454-971C333E8F79}.Release|x64.ActiveCfg = Release|Any CPU
		{FED7663A-D6A7-4B57-A454-971C333E8F79}.Release|x64.Build.0 = Release|Any CPU
		{FED7663A-D6A7-4B57-A454-971C333E8F79}.Release|x86.ActiveCfg = Release|Any CPU
		{FED7663A-D6A7-4B57-A454-971C333E8F79}.Release|x86.Build.0 = Release|Any CPU
		{5472C31B-3DAB-424B-B46C-292F5D871FF6}.Debug|Any CPU.ActiveCfg = Debug|Any CPU
		{5472C31B-3DAB-424B-B46C-292F5D871FF6}.Debug|Any CPU.Build.0 = Debug|Any CPU
		{5472C31B-3DAB-424B-B46C-292F5D871FF6}.Debug|ARM.ActiveCfg = Debug|Any CPU
		{5472C31B-3DAB-424B-B46C-292F5D871FF6}.Debug|ARM.Build.0 = Debug|Any CPU
		{5472C31B-3DAB-424B-B46C-292F5D871FF6}.Debug|x64.ActiveCfg = Debug|Any CPU
		{5472C31B-3DAB-424B-B46C-292F5D871FF6}.Debug|x64.Build.0 = Debug|Any CPU
		{5472C31B-3DAB-424B-B46C-292F5D871FF6}.Debug|x86.ActiveCfg = Debug|Any CPU
		{5472C31B-3DAB-424B-B46C-292F5D871FF6}.Debug|x86.Build.0 = Debug|Any CPU
		{5472C31B-3DAB-424B-B46C-292F5D871FF6}.Release|Any CPU.ActiveCfg = Release|Any CPU
		{5472C31B-3DAB-424B-B46C-292F5D871FF6}.Release|Any CPU.Build.0 = Release|Any CPU
		{5472C31B-3DAB-424B-B46C-292F5D871FF6}.Release|ARM.ActiveCfg = Release|Any CPU
		{5472C31B-3DAB-424B-B46C-292F5D871FF6}.Release|ARM.Build.0 = Release|Any CPU
		{5472C31B-3DAB-424B-B46C-292F5D871FF6}.Release|x64.ActiveCfg = Release|Any CPU
		{5472C31B-3DAB-424B-B46C-292F5D871FF6}.Release|x64.Build.0 = Release|Any CPU
		{5472C31B-3DAB-424B-B46C-292F5D871FF6}.Release|x86.ActiveCfg = Release|Any CPU
		{5472C31B-3DAB-424B-B46C-292F5D871FF6}.Release|x86.Build.0 = Release|Any CPU
		{81B46F68-A55E-4A24-9646-962A4FE9E2C9}.Debug|Any CPU.ActiveCfg = Debug|Any CPU
		{81B46F68-A55E-4A24-9646-962A4FE9E2C9}.Debug|Any CPU.Build.0 = Debug|Any CPU
		{81B46F68-A55E-4A24-9646-962A4FE9E2C9}.Debug|ARM.ActiveCfg = Debug|Any CPU
		{81B46F68-A55E-4A24-9646-962A4FE9E2C9}.Debug|ARM.Build.0 = Debug|Any CPU
		{81B46F68-A55E-4A24-9646-962A4FE9E2C9}.Debug|x64.ActiveCfg = Debug|Any CPU
		{81B46F68-A55E-4A24-9646-962A4FE9E2C9}.Debug|x64.Build.0 = Debug|Any CPU
		{81B46F68-A55E-4A24-9646-962A4FE9E2C9}.Debug|x86.ActiveCfg = Debug|Any CPU
		{81B46F68-A55E-4A24-9646-962A4FE9E2C9}.Debug|x86.Build.0 = Debug|Any CPU
		{81B46F68-A55E-4A24-9646-962A4FE9E2C9}.Release|Any CPU.ActiveCfg = Release|Any CPU
		{81B46F68-A55E-4A24-9646-962A4FE9E2C9}.Release|Any CPU.Build.0 = Release|Any CPU
		{81B46F68-A55E-4A24-9646-962A4FE9E2C9}.Release|ARM.ActiveCfg = Release|Any CPU
		{81B46F68-A55E-4A24-9646-962A4FE9E2C9}.Release|ARM.Build.0 = Release|Any CPU
		{81B46F68-A55E-4A24-9646-962A4FE9E2C9}.Release|x64.ActiveCfg = Release|Any CPU
		{81B46F68-A55E-4A24-9646-962A4FE9E2C9}.Release|x64.Build.0 = Release|Any CPU
		{81B46F68-A55E-4A24-9646-962A4FE9E2C9}.Release|x86.ActiveCfg = Release|Any CPU
		{81B46F68-A55E-4A24-9646-962A4FE9E2C9}.Release|x86.Build.0 = Release|Any CPU
		{22573520-E513-4577-A141-1727E93AF829}.Debug|Any CPU.ActiveCfg = Debug|Any CPU
		{22573520-E513-4577-A141-1727E93AF829}.Debug|Any CPU.Build.0 = Debug|Any CPU
		{22573520-E513-4577-A141-1727E93AF829}.Debug|ARM.ActiveCfg = Debug|Any CPU
		{22573520-E513-4577-A141-1727E93AF829}.Debug|ARM.Build.0 = Debug|Any CPU
		{22573520-E513-4577-A141-1727E93AF829}.Debug|x64.ActiveCfg = Debug|Any CPU
		{22573520-E513-4577-A141-1727E93AF829}.Debug|x64.Build.0 = Debug|Any CPU
		{22573520-E513-4577-A141-1727E93AF829}.Debug|x86.ActiveCfg = Debug|Any CPU
		{22573520-E513-4577-A141-1727E93AF829}.Debug|x86.Build.0 = Debug|Any CPU
		{22573520-E513-4577-A141-1727E93AF829}.Release|Any CPU.ActiveCfg = Release|Any CPU
		{22573520-E513-4577-A141-1727E93AF829}.Release|Any CPU.Build.0 = Release|Any CPU
		{22573520-E513-4577-A141-1727E93AF829}.Release|ARM.ActiveCfg = Release|Any CPU
		{22573520-E513-4577-A141-1727E93AF829}.Release|ARM.Build.0 = Release|Any CPU
		{22573520-E513-4577-A141-1727E93AF829}.Release|x64.ActiveCfg = Release|Any CPU
		{22573520-E513-4577-A141-1727E93AF829}.Release|x64.Build.0 = Release|Any CPU
		{22573520-E513-4577-A141-1727E93AF829}.Release|x86.ActiveCfg = Release|Any CPU
		{22573520-E513-4577-A141-1727E93AF829}.Release|x86.Build.0 = Release|Any CPU
		{FF94B15B-6852-46E5-AAB2-C7E153361626}.Debug|Any CPU.ActiveCfg = Debug|Any CPU
		{FF94B15B-6852-46E5-AAB2-C7E153361626}.Debug|Any CPU.Build.0 = Debug|Any CPU
		{FF94B15B-6852-46E5-AAB2-C7E153361626}.Debug|ARM.ActiveCfg = Debug|Any CPU
		{FF94B15B-6852-46E5-AAB2-C7E153361626}.Debug|ARM.Build.0 = Debug|Any CPU
		{FF94B15B-6852-46E5-AAB2-C7E153361626}.Debug|x64.ActiveCfg = Debug|Any CPU
		{FF94B15B-6852-46E5-AAB2-C7E153361626}.Debug|x64.Build.0 = Debug|Any CPU
		{FF94B15B-6852-46E5-AAB2-C7E153361626}.Debug|x86.ActiveCfg = Debug|Any CPU
		{FF94B15B-6852-46E5-AAB2-C7E153361626}.Debug|x86.Build.0 = Debug|Any CPU
		{FF94B15B-6852-46E5-AAB2-C7E153361626}.Release|Any CPU.ActiveCfg = Release|Any CPU
		{FF94B15B-6852-46E5-AAB2-C7E153361626}.Release|Any CPU.Build.0 = Release|Any CPU
		{FF94B15B-6852-46E5-AAB2-C7E153361626}.Release|ARM.ActiveCfg = Release|Any CPU
		{FF94B15B-6852-46E5-AAB2-C7E153361626}.Release|ARM.Build.0 = Release|Any CPU
		{FF94B15B-6852-46E5-AAB2-C7E153361626}.Release|x64.ActiveCfg = Release|Any CPU
		{FF94B15B-6852-46E5-AAB2-C7E153361626}.Release|x64.Build.0 = Release|Any CPU
		{FF94B15B-6852-46E5-AAB2-C7E153361626}.Release|x86.ActiveCfg = Release|Any CPU
		{FF94B15B-6852-46E5-AAB2-C7E153361626}.Release|x86.Build.0 = Release|Any CPU
	EndGlobalSection
	GlobalSection(SolutionProperties) = preSolution
		HideSolutionNode = FALSE
	EndGlobalSection
	GlobalSection(ExtensibilityGlobals) = postSolution
		SolutionGuid = {FEF5CF55-E6D7-4798-B6C3-2892C233CE46}
	EndGlobalSection
EndGlobal
